// !$*UTF8*$!
{
	archiveVersion = 1;
	classes = {
	};
	objectVersion = 46;
	objects = {

/* Begin PBXBuildFile section */
		61BC258613A8C6E700C7BD0F /* main.cpp in Sources */ = {isa = PBXBuildFile; fileRef = 61BC258513A8C6E700C7BD0F /* main.cpp */; };
/* End PBXBuildFile section */

/* Begin PBXCopyFilesBuildPhase section */
		61BC257F13A8C6E700C7BD0F /* CopyFiles */ = {
			isa = PBXCopyFilesBuildPhase;
			buildActionMask = 2147483647;
			dstPath = /usr/share/man/man1/;
			dstSubfolderSpec = 0;
			files = (
			);
			runOnlyForDeploymentPostprocessing = 1;
		};
/* End PBXCopyFilesBuildPhase section */

/* Begin PBXFileReference section */
		61BC258113A8C6E700C7BD0F /* pm_mem_issue_mac */ = {isa = PBXFileReference; explicitFileType = "compiled.mach-o.executable"; includeInIndex = 0; path = pm_mem_issue_mac; sourceTree = BUILT_PRODUCTS_DIR; };
		61BC258513A8C6E700C7BD0F /* main.cpp */ = {isa = PBXFileReference; lastKnownFileType = sourcecode.cpp.cpp; path = main.cpp; sourceTree = "<group>"; };
		61BC258713A8C6E700C7BD0F /* pm_mem_issue_mac.1 */ = {isa = PBXFileReference; lastKnownFileType = text.man; path = pm_mem_issue_mac.1; sourceTree = "<group>"; };
/* End PBXFileReference section */

/* Begin PBXFrameworksBuildPhase section */
		61BC257E13A8C6E700C7BD0F /* Frameworks */ = {
			isa = PBXFrameworksBuildPhase;
			buildActionMask = 2147483647;
			files = (
			);
			runOnlyForDeploymentPostprocessing = 0;
		};
/* End PBXFrameworksBuildPhase section */

/* Begin PBXGroup section */
		61BC257613A8C6E700C7BD0F = {
			isa = PBXGroup;
			children = (
				61BC258413A8C6E700C7BD0F /* pm_mem_issue_mac */,
				61BC258213A8C6E700C7BD0F /* Products */,
			);
			sourceTree = "<group>";
		};
		61BC258213A8C6E700C7BD0F /* Products */ = {
			isa = PBXGroup;
			children = (
				61BC258113A8C6E700C7BD0F /* pm_mem_issue_mac */,
			);
			name = Products;
			sourceTree = "<group>";
		};
		61BC258413A8C6E700C7BD0F /* pm_mem_issue_mac */ = {
			isa = PBXGroup;
			children = (
				61BC258513A8C6E700C7BD0F /* main.cpp */,
				61BC258713A8C6E700C7BD0F /* pm_mem_issue_mac.1 */,
			);
			path = pm_mem_issue_mac;
			sourceTree = "<group>";
		};
/* End PBXGroup section */

/* Begin PBXNativeTarget section */
		61BC258013A8C6E700C7BD0F /* pm_mem_issue_mac */ = {
			isa = PBXNativeTarget;
			buildConfigurationList = 61BC258A13A8C6E700C7BD0F /* Build configuration list for PBXNativeTarget "pm_mem_issue_mac" */;
			buildPhases = (
				61BC257D13A8C6E700C7BD0F /* Sources */,
				61BC257E13A8C6E700C7BD0F /* Frameworks */,
				61BC257F13A8C6E700C7BD0F /* CopyFiles */,
			);
			buildRules = (
			);
			dependencies = (
			);
			name = pm_mem_issue_mac;
			productName = pm_mem_issue_mac;
			productReference = 61BC258113A8C6E700C7BD0F /* pm_mem_issue_mac */;
			productType = "com.apple.product-type.tool";
		};
/* End PBXNativeTarget section */

/* Begin PBXProject section */
		61BC257813A8C6E700C7BD0F /* Project object */ = {
			isa = PBXProject;
			buildConfigurationList = 61BC257B13A8C6E700C7BD0F /* Build configuration list for PBXProject "pm_mem_issue_mac" */;
			compatibilityVersion = "Xcode 3.2";
			developmentRegion = English;
			hasScannedForEncodings = 0;
			knownRegions = (
				en,
			);
			mainGroup = 61BC257613A8C6E700C7BD0F;
			productRefGroup = 61BC258213A8C6E700C7BD0F /* Products */;
			projectDirPath = "";
			projectRoot = "";
			targets = (
				61BC258013A8C6E700C7BD0F /* pm_mem_issue_mac */,
			);
		};
/* End PBXProject section */

/* Begin PBXSourcesBuildPhase section */
		61BC257D13A8C6E700C7BD0F /* Sources */ = {
			isa = PBXSourcesBuildPhase;
			buildActionMask = 2147483647;
			files = (
				61BC258613A8C6E700C7BD0F /* main.cpp in Sources */,
			);
			runOnlyForDeploymentPostprocessing = 0;
		};
/* End PBXSourcesBuildPhase section */

/* Begin XCBuildConfiguration section */
		61BC258813A8C6E700C7BD0F /* Debug */ = {
			isa = XCBuildConfiguration;
			buildSettings = {
				ARCHS = "$(ARCHS_STANDARD_32_64_BIT)";
				GCC_C_LANGUAGE_STANDARD = gnu99;
				GCC_OPTIMIZATION_LEVEL = 0;
				GCC_PREPROCESSOR_DEFINITIONS = DEBUG;
				GCC_SYMBOLS_PRIVATE_EXTERN = NO;
				GCC_VERSION = com.apple.compilers.llvm.clang.1_0;
				GCC_WARN_64_TO_32_BIT_CONVERSION = YES;
				GCC_WARN_ABOUT_RETURN_TYPE = YES;
				GCC_WARN_UNUSED_VARIABLE = YES;
				MACOSX_DEPLOYMENT_TARGET = 10.6;
				ONLY_ACTIVE_ARCH = YES;
				SDKROOT = macosx;
			};
			name = Debug;
		};
		61BC258913A8C6E700C7BD0F /* Release */ = {
			isa = XCBuildConfiguration;
			buildSettings = {
				ARCHS = "$(ARCHS_STANDARD_32_64_BIT)";
				GCC_C_LANGUAGE_STANDARD = gnu99;
				GCC_VERSION = com.apple.compilers.llvm.clang.1_0;
				GCC_WARN_64_TO_32_BIT_CONVERSION = YES;
				GCC_WARN_ABOUT_RETURN_TYPE = YES;
				GCC_WARN_UNUSED_VARIABLE = YES;
				MACOSX_DEPLOYMENT_TARGET = 10.6;
				SDKROOT = macosx;
			};
			name = Release;
		};
		61BC258B13A8C6E700C7BD0F /* Debug */ = {
			isa = XCBuildConfiguration;
			buildSettings = {
				ALWAYS_SEARCH_USER_PATHS = NO;
				COPY_PHASE_STRIP = NO;
				GCC_DYNAMIC_NO_PIC = NO;
				GCC_ENABLE_OBJC_EXCEPTIONS = YES;
				PRODUCT_NAME = "$(TARGET_NAME)";
			};
			name = Debug;
		};
		61BC258C13A8C6E700C7BD0F /* Release */ = {
			isa = XCBuildConfiguration;
			buildSettings = {
				ALWAYS_SEARCH_USER_PATHS = NO;
				COPY_PHASE_STRIP = YES;
				DEBUG_INFORMATION_FORMAT = "dwarf-with-dsym";
				GCC_ENABLE_OBJC_EXCEPTIONS = YES;
				PRODUCT_NAME = "$(TARGET_NAME)";
			};
			name = Release;
		};
/* End XCBuildConfiguration section */

/* Begin XCConfigurationList section */
		61BC257B13A8C6E700C7BD0F /* Build configuration list for PBXProject "pm_mem_issue_mac" */ = {
			isa = XCConfigurationList;
			buildConfigurations = (
				61BC258813A8C6E700C7BD0F /* Debug */,
				61BC258913A8C6E700C7BD0F /* Release */,
			);
			defaultConfigurationIsVisible = 0;
			defaultConfigurationName = Release;
		};
		61BC258A13A8C6E700C7BD0F /* Build configuration list for PBXNativeTarget "pm_mem_issue_mac" */ = {
			isa = XCConfigurationList;
			buildConfigurations = (
				61BC258B13A8C6E700C7BD0F /* Debug */,
				61BC258C13A8C6E700C7BD0F /* Release */,
			);
			defaultConfigurationIsVisible = 0;
		};
/* End XCConfigurationList section */
	};
	rootObject = 61BC257813A8C6E700C7BD0F /* Project object */;
}
